
Microsoft Visual Studio Solution File, Format Version 12.00
# Visual Studio Version 17
VisualStudioVersion = 17.11.35327.3
MinimumVisualStudioVersion = 10.0.40219.1
Project("{8BC9CEB8-8B4A-11D0-8D11-00A0C91BC942}") = "internalmemoryhack3", "internalmemoryhack3.vcxproj", "{3365CC14-D90A-4FD4-967C-AFA48D670966}"
EndProject
Global
	GlobalSection(SolutionConfigurationPlatforms) = preSolution
		Debug|x64 = Debug|x64
		Debug|x86 = Debug|x86
		Release|x64 = Release|x64
		Release|x86 = Release|x86
	EndGlobalSection
	GlobalSection(ProjectConfigurationPlatforms) = postSolution
		{3365CC14-D90A-4FD4-967C-AFA48D670966}.Debug|x64.ActiveCfg = Debug|x64
		{3365CC14-D90A-4FD4-967C-AFA48D670966}.Debug|x64.Build.0 = Debug|x64
		{3365CC14-D90A-4FD4-967C-AFA48D670966}.Debug|x86.ActiveCfg = Debug|Win32
		{3365CC14-D90A-4FD4-967C-AFA48D670966}.Debug|x86.Build.0 = Debug|Win32
		{3365CC14-D90A-4FD4-967C-AFA48D670966}.Release|x64.ActiveCfg = Release|x64
		{3365CC14-D90A-4FD4-967C-AFA48D670966}.Release|x64.Build.0 = Release|x64
		{3365CC14-D90A-4FD4-967C-AFA48D670966}.Release|x86.ActiveCfg = Release|Win32
		{3365CC14-D90A-4FD4-967C-AFA48D670966}.Release|x86.Build.0 = Release|Win32
	EndGlobalSection
	GlobalSection(SolutionProperties) = preSolution
		HideSolutionNode = FALSE
	EndGlobalSection
	GlobalSection(ExtensibilityGlobals) = postSolution
		SolutionGuid = {3CFDE1B0-2285-4388-B23F-BA4716F476F1}
	EndGlobalSection
EndGlobal
